// !$*UTF8*$!
{
	archiveVersion = 1;
	classes = {
	};
	objectVersion = 60;
	objects = {

/* Begin PBXBuildFile section */
		2770E8642C8350D400EE965D /* ZenithApp.swift in Sources */ = {isa = PBXBuildFile; fileRef = 2770E8632C8350D400EE965D /* ZenithApp.swift */; };
		2770E8662C8350D400EE965D /* ContentView.swift in Sources */ = {isa = PBXBuildFile; fileRef = 2770E8652C8350D400EE965D /* ContentView.swift */; };
		2770E8682C8350D400EE965D /* Item.swift in Sources */ = {isa = PBXBuildFile; fileRef = 2770E8672C8350D400EE965D /* Item.swift */; };
		2770E86A2C8350D600EE965D /* Assets.xcassets in Resources */ = {isa = PBXBuildFile; fileRef = 2770E8692C8350D600EE965D /* Assets.xcassets */; };
		2770E86E2C8350D600EE965D /* Preview Assets.xcassets in Resources */ = {isa = PBXBuildFile; fileRef = 2770E86D2C8350D600EE965D /* Preview Assets.xcassets */; };
		2770E8782C8350D600EE965D /* ZenithTests.swift in Sources */ = {isa = PBXBuildFile; fileRef = 2770E8772C8350D600EE965D /* ZenithTests.swift */; };
		2770E8822C8350D600EE965D /* ZenithUITests.swift in Sources */ = {isa = PBXBuildFile; fileRef = 2770E8812C8350D600EE965D /* ZenithUITests.swift */; };
		2770E8842C8350D600EE965D /* ZenithUITestsLaunchTests.swift in Sources */ = {isa = PBXBuildFile; fileRef = 2770E8832C8350D600EE965D /* ZenithUITestsLaunchTests.swift */; };
/* End PBXBuildFile section */

/* Begin PBXContainerItemProxy section */
		2770E8742C8350D600EE965D /* PBXContainerItemProxy */ = {
			isa = PBXContainerItemProxy;
			containerPortal = 2770E8582C8350D400EE965D /* Project object */;
			proxyType = 1;
			remoteGlobalIDString = 2770E85F2C8350D400EE965D;
			remoteInfo = Zenith;
		};
		2770E87E2C8350D600EE965D /* PBXContainerItemProxy */ = {
			isa = PBXContainerItemProxy;
			containerPortal = 2770E8582C8350D400EE965D /* Project object */;
			proxyType = 1;
			remoteGlobalIDString = 2770E85F2C8350D400EE965D;
			remoteInfo = Zenith;
		};
/* End PBXContainerItemProxy section */

/* Begin PBXFileReference section */
		2770E8602C8350D400EE965D /* Zenith.app */ = {isa = PBXFileReference; explicitFileType = wrapper.application; includeInIndex = 0; path = Zenith.app; sourceTree = BUILT_PRODUCTS_DIR; };
		2770E8632C8350D400EE965D /* ZenithApp.swift */ = {isa = PBXFileReference; lastKnownFileType = sourcecode.swift; path = ZenithApp.swift; sourceTree = "<group>"; };
		2770E8652C8350D400EE965D /* ContentView.swift */ = {isa = PBXFileReference; lastKnownFileType = sourcecode.swift; path = ContentView.swift; sourceTree = "<group>"; };
		2770E8672C8350D400EE965D /* Item.swift */ = {isa = PBXFileReference; lastKnownFileType = sourcecode.swift; path = Item.swift; sourceTree = "<group>"; };
		2770E8692C8350D600EE965D /* Assets.xcassets */ = {isa = PBXFileReference; lastKnownFileType = folder.assetcatalog; path = Assets.xcassets; sourceTree = "<group>"; };
		2770E86B2C8350D600EE965D /* Zenith.entitlements */ = {isa = PBXFileReference; lastKnownFileType = text.plist.entitlements; path = Zenith.entitlements; sourceTree = "<group>"; };
		2770E86D2C8350D600EE965D /* Preview Assets.xcassets */ = {isa = PBXFileReference; lastKnownFileType = folder.assetcatalog; path = "Preview Assets.xcassets"; sourceTree = "<group>"; };
		2770E8732C8350D600EE965D /* ZenithTests.xctest */ = {isa = PBXFileReference; explicitFileType = wrapper.cfbundle; includeInIndex = 0; path = ZenithTests.xctest; sourceTree = BUILT_PRODUCTS_DIR; };
		2770E8772C8350D600EE965D /* ZenithTests.swift */ = {isa = PBXFileReference; lastKnownFileType = sourcecode.swift; path = ZenithTests.swift; sourceTree = "<group>"; };
		2770E87D2C8350D600EE965D /* ZenithUITests.xctest */ = {isa = PBXFileReference; explicitFileType = wrapper.cfbundle; includeInIndex = 0; path = ZenithUITests.xctest; sourceTree = BUILT_PRODUCTS_DIR; };
		2770E8812C8350D600EE965D /* ZenithUITests.swift */ = {isa = PBXFileReference; lastKnownFileType = sourcecode.swift; path = ZenithUITests.swift; sourceTree = "<group>"; };
		2770E8832C8350D600EE965D /* ZenithUITestsLaunchTests.swift */ = {isa = PBXFileReference; lastKnownFileType = sourcecode.swift; path = ZenithUITestsLaunchTests.swift; sourceTree = "<group>"; };
/* End PBXFileReference section */

/* Begin PBXFrameworksBuildPhase section */
		2770E85D2C8350D400EE965D /* Frameworks */ = {
			isa = PBXFrameworksBuildPhase;
			buildActionMask = 2147483647;
			files = (
			);
			runOnlyForDeploymentPostprocessing = 0;
		};
		2770E8702C8350D600EE965D /* Frameworks */ = {
			isa = PBXFrameworksBuildPhase;
			buildActionMask = 2147483647;
			files = (
			);
			runOnlyForDeploymentPostprocessing = 0;
		};
		2770E87A2C8350D600EE965D /* Frameworks */ = {
			isa = PBXFrameworksBuildPhase;
			buildActionMask = 2147483647;
			files = (
			);
			runOnlyForDeploymentPostprocessing = 0;
		};
/* End PBXFrameworksBuildPhase section */

/* Begin PBXGroup section */
		2770E8572C8350D400EE965D = {
			isa = PBXGroup;
			children = (
				2770E8622C8350D400EE965D /* Zenith */,
				2770E8762C8350D600EE965D /* ZenithTests */,
				2770E8802C8350D600EE965D /* ZenithUITests */,
				2770E8612C8350D400EE965D /* Products */,
			);
			sourceTree = "<group>";
		};
		2770E8612C8350D400EE965D /* Products */ = {
			isa = PBXGroup;
			children = (
				2770E8602C8350D400EE965D /* Zenith.app */,
				2770E8732C8350D600EE965D /* ZenithTests.xctest */,
				2770E87D2C8350D600EE965D /* ZenithUITests.xctest */,
			);
			name = Products;
			sourceTree = "<group>";
		};
		2770E8622C8350D400EE965D /* Zenith */ = {
			isa = PBXGroup;
			children = (
				2770E8632C8350D400EE965D /* ZenithApp.swift */,
				2770E8652C8350D400EE965D /* ContentView.swift */,
				2770E8672C8350D400EE965D /* Item.swift */,
				2770E8692C8350D600EE965D /* Assets.xcassets */,
				2770E86B2C8350D600EE965D /* Zenith.entitlements */,
				2770E86C2C8350D600EE965D /* Preview Content */,
			);
			path = Zenith;
			sourceTree = "<group>";
		};
		2770E86C2C8350D600EE965D /* Preview Content */ = {
			isa = PBXGroup;
			children = (
				2770E86D2C8350D600EE965D /* Preview Assets.xcassets */,
			);
			path = "Preview Content";
			sourceTree = "<group>";
		};
		2770E8762C8350D600EE965D /* ZenithTests */ = {
			isa = PBXGroup;
			children = (
				2770E8772C8350D600EE965D /* ZenithTests.swift */,
			);
			path = ZenithTests;
			sourceTree = "<group>";
		};
		2770E8802C8350D600EE965D /* ZenithUITests */ = {
			isa = PBXGroup;
			children = (
				2770E8812C8350D600EE965D /* ZenithUITests.swift */,
				2770E8832C8350D600EE965D /* ZenithUITestsLaunchTests.swift */,
			);
			path = ZenithUITests;
			sourceTree = "<group>";
		};
/* End PBXGroup section */

/* Begin PBXNativeTarget section */
		2770E85F2C8350D400EE965D /* Zenith */ = {
			isa = PBXNativeTarget;
			buildConfigurationList = 2770E8872C8350D600EE965D /* Build configuration list for PBXNativeTarget "Zenith" */;
			buildPhases = (
				2770E85C2C8350D400EE965D /* Sources */,
				2770E85D2C8350D400EE965D /* Frameworks */,
				2770E85E2C8350D400EE965D /* Resources */,
			);
			buildRules = (
			);
			dependencies = (
			);
			name = Zenith;
			productName = Zenith;
			productReference = 2770E8602C8350D400EE965D /* Zenith.app */;
			productType = "com.apple.product-type.application";
		};
		2770E8722C8350D600EE965D /* ZenithTests */ = {
			isa = PBXNativeTarget;
			buildConfigurationList = 2770E88A2C8350D600EE965D /* Build configuration list for PBXNativeTarget "ZenithTests" */;
			buildPhases = (
				2770E86F2C8350D600EE965D /* Sources */,
				2770E8702C8350D600EE965D /* Frameworks */,
				2770E8712C8350D600EE965D /* Resources */,
			);
			buildRules = (
			);
			dependencies = (
				2770E8752C8350D600EE965D /* PBXTargetDependency */,
			);
			name = ZenithTests;
			productName = ZenithTests;
			productReference = 2770E8732C8350D600EE965D /* ZenithTests.xctest */;
			productType = "com.apple.product-type.bundle.unit-test";
		};
		2770E87C2C8350D600EE965D /* ZenithUITests */ = {
			isa = PBXNativeTarget;
			buildConfigurationList = 2770E88D2C8350D600EE965D /* Build configuration list for PBXNativeTarget "ZenithUITests" */;
			buildPhases = (
				2770E8792C8350D600EE965D /* Sources */,
				2770E87A2C8350D600EE965D /* Frameworks */,
				2770E87B2C8350D600EE965D /* Resources */,
			);
			buildRules = (
			);
			dependencies = (
				2770E87F2C8350D600EE965D /* PBXTargetDependency */,
			);
			name = ZenithUITests;
			productName = ZenithUITests;
			productReference = 2770E87D2C8350D600EE965D /* ZenithUITests.xctest */;
			productType = "com.apple.product-type.bundle.ui-testing";
		};
/* End PBXNativeTarget section */

/* Begin PBXProject section */
		2770E8582C8350D400EE965D /* Project object */ = {
			isa = PBXProject;
			attributes = {
				BuildIndependentTargetsInParallel = 1;
				LastSwiftUpdateCheck = 1600;
				LastUpgradeCheck = 1600;
				TargetAttributes = {
					2770E85F2C8350D400EE965D = {
						CreatedOnToolsVersion = 16.0;
					};
					2770E8722C8350D600EE965D = {
						CreatedOnToolsVersion = 16.0;
						TestTargetID = 2770E85F2C8350D400EE965D;
					};
					2770E87C2C8350D600EE965D = {
						CreatedOnToolsVersion = 16.0;
						TestTargetID = 2770E85F2C8350D400EE965D;
					};
				};
			};
			buildConfigurationList = 2770E85B2C8350D400EE965D /* Build configuration list for PBXProject "Zenith" */;
			compatibilityVersion = "Xcode 15.0";
			developmentRegion = en;
			hasScannedForEncodings = 0;
			knownRegions = (
				en,
				Base,
			);
			mainGroup = 2770E8572C8350D400EE965D;
			productRefGroup = 2770E8612C8350D400EE965D /* Products */;
			projectDirPath = "";
			projectRoot = "";
			targets = (
				2770E85F2C8350D400EE965D /* Zenith */,
				2770E8722C8350D600EE965D /* ZenithTests */,
				2770E87C2C8350D600EE965D /* ZenithUITests */,
			);
		};
/* End PBXProject section */

/* Begin PBXResourcesBuildPhase section */
		2770E85E2C8350D400EE965D /* Resources */ = {
			isa = PBXResourcesBuildPhase;
			buildActionMask = 2147483647;
			files = (
				2770E86E2C8350D600EE965D /* Preview Assets.xcassets in Resources */,
				2770E86A2C8350D600EE965D /* Assets.xcassets in Resources */,
			);
			runOnlyForDeploymentPostprocessing = 0;
		};
		2770E8712C8350D600EE965D /* Resources */ = {
			isa = PBXResourcesBuildPhase;
			buildActionMask = 2147483647;
			files = (
			);
			runOnlyForDeploymentPostprocessing = 0;
		};
		2770E87B2C8350D600EE965D /* Resources */ = {
			isa = PBXResourcesBuildPhase;
			buildActionMask = 2147483647;
			files = (
			);
			runOnlyForDeploymentPostprocessing = 0;
		};
/* End PBXResourcesBuildPhase section */

/* Begin PBXSourcesBuildPhase section */
		2770E85C2C8350D400EE965D /* Sources */ = {
			isa = PBXSourcesBuildPhase;
			buildActionMask = 2147483647;
			files = (
				2770E8662C8350D400EE965D /* ContentView.swift in Sources */,
				2770E8682C8350D400EE965D /* Item.swift in Sources */,
				2770E8642C8350D400EE965D /* ZenithApp.swift in Sources */,
			);
			runOnlyForDeploymentPostprocessing = 0;
		};
		2770E86F2C8350D600EE965D /* Sources */ = {
			isa = PBXSourcesBuildPhase;
			buildActionMask = 2147483647;
			files = (
				2770E8782C8350D600EE965D /* ZenithTests.swift in Sources */,
			);
			runOnlyForDeploymentPostprocessing = 0;
		};
		2770E8792C8350D600EE965D /* Sources */ = {
			isa = PBXSourcesBuildPhase;
			buildActionMask = 2147483647;
			files = (
				2770E8842C8350D600EE965D /* ZenithUITestsLaunchTests.swift in Sources */,
				2770E8822C8350D600EE965D /* ZenithUITests.swift in Sources */,
			);
			runOnlyForDeploymentPostprocessing = 0;
		};
/* End PBXSourcesBuildPhase section */

/* Begin PBXTargetDependency section */
		2770E8752C8350D600EE965D /* PBXTargetDependency */ = {
			isa = PBXTargetDependency;
			target = 2770E85F2C8350D400EE965D /* Zenith */;
			targetProxy = 2770E8742C8350D600EE965D /* PBXContainerItemProxy */;
		};
		2770E87F2C8350D600EE965D /* PBXTargetDependency */ = {
			isa = PBXTargetDependency;
			target = 2770E85F2C8350D400EE965D /* Zenith */;
			targetProxy = 2770E87E2C8350D600EE965D /* PBXContainerItemProxy */;
		};
/* End PBXTargetDependency section */

/* Begin XCBuildConfiguration section */
		2770E8852C8350D600EE965D /* Debug */ = {
			isa = XCBuildConfiguration;
			buildSettings = {
				ALWAYS_SEARCH_USER_PATHS = NO;
				ASSETCATALOG_COMPILER_GENERATE_SWIFT_ASSET_SYMBOL_EXTENSIONS = YES;
				CLANG_ANALYZER_NONNULL = YES;
				CLANG_ANALYZER_NUMBER_OBJECT_CONVERSION = YES_AGGRESSIVE;
				CLANG_CXX_LANGUAGE_STANDARD = "gnu++20";
				CLANG_ENABLE_MODULES = YES;
				CLANG_ENABLE_OBJC_ARC = YES;
				CLANG_ENABLE_OBJC_WEAK = YES;
				CLANG_WARN_BLOCK_CAPTURE_AUTORELEASING = YES;
				CLANG_WARN_BOOL_CONVERSION = YES;
				CLANG_WARN_COMMA = YES;
				CLANG_WARN_CONSTANT_CONVERSION = YES;
				CLANG_WARN_DEPRECATED_OBJC_IMPLEMENTATIONS = YES;
				CLANG_WARN_DIRECT_OBJC_ISA_USAGE = YES_ERROR;
				CLANG_WARN_DOCUMENTATION_COMMENTS = YES;
				CLANG_WARN_EMPTY_BODY = YES;
				CLANG_WARN_ENUM_CONVERSION = YES;
				CLANG_WARN_INFINITE_RECURSION = YES;
				CLANG_WARN_INT_CONVERSION = YES;
				CLANG_WARN_NON_LITERAL_NULL_CONVERSION = YES;
				CLANG_WARN_OBJC_IMPLICIT_RETAIN_SELF = YES;
				CLANG_WARN_OBJC_LITERAL_CONVERSION = YES;
				CLANG_WARN_OBJC_ROOT_CLASS = YES_ERROR;
				CLANG_WARN_QUOTED_INCLUDE_IN_FRAMEWORK_HEADER = YES;
				CLANG_WARN_RANGE_LOOP_ANALYSIS = YES;
				CLANG_WARN_STRICT_PROTOTYPES = YES;
				CLANG_WARN_SUSPICIOUS_MOVE = YES;
				CLANG_WARN_UNGUARDED_AVAILABILITY = YES_AGGRESSIVE;
				CLANG_WARN_UNREACHABLE_CODE = YES;
				CLANG_WARN__DUPLICATE_METHOD_MATCH = YES;
				COPY_PHASE_STRIP = NO;
				DEBUG_INFORMATION_FORMAT = dwarf;
				ENABLE_STRICT_OBJC_MSGSEND = YES;
				ENABLE_TESTABILITY = YES;
				ENABLE_USER_SCRIPT_SANDBOXING = YES;
				GCC_C_LANGUAGE_STANDARD = gnu17;
				GCC_DYNAMIC_NO_PIC = NO;
				GCC_NO_COMMON_BLOCKS = YES;
				GCC_OPTIMIZATION_LEVEL = 0;
				GCC_PREPROCESSOR_DEFINITIONS = (
					"DEBUG=1",
					"$(inherited)",
				);
				GCC_WARN_64_TO_32_BIT_CONVERSION = YES;
				GCC_WARN_ABOUT_RETURN_TYPE = YES_ERROR;
				GCC_WARN_UNDECLARED_SELECTOR = YES;
				GCC_WARN_UNINITIALIZED_AUTOS = YES_AGGRESSIVE;
				GCC_WARN_UNUSED_FUNCTION = YES;
				GCC_WARN_UNUSED_VARIABLE = YES;
				LOCALIZATION_PREFERS_STRING_CATALOGS = YES;
				MTL_ENABLE_DEBUG_INFO = INCLUDE_SOURCE;
				MTL_FAST_MATH = YES;
				ONLY_ACTIVE_ARCH = YES;
				SWIFT_ACTIVE_COMPILATION_CONDITIONS = "DEBUG $(inherited)";
				SWIFT_OPTIMIZATION_LEVEL = "-Onone";
			};
			name = Debug;
		};
		2770E8862C8350D600EE965D /* Release */ = {
			isa = XCBuildConfiguration;
			buildSettings = {
				ALWAYS_SEARCH_USER_PATHS = NO;
				ASSETCATALOG_COMPILER_GENERATE_SWIFT_ASSET_SYMBOL_EXTENSIONS = YES;
				CLANG_ANALYZER_NONNULL = YES;
				CLANG_ANALYZER_NUMBER_OBJECT_CONVERSION = YES_AGGRESSIVE;
				CLANG_CXX_LANGUAGE_STANDARD = "gnu++20";
				CLANG_ENABLE_MODULES = YES;
				CLANG_ENABLE_OBJC_ARC = YES;
				CLANG_ENABLE_OBJC_WEAK = YES;
				CLANG_WARN_BLOCK_CAPTURE_AUTORELEASING = YES;
				CLANG_WARN_BOOL_CONVERSION = YES;
				CLANG_WARN_COMMA = YES;
				CLANG_WARN_CONSTANT_CONVERSION = YES;
				CLANG_WARN_DEPRECATED_OBJC_IMPLEMENTATIONS = YES;
				CLANG_WARN_DIRECT_OBJC_ISA_USAGE = YES_ERROR;
				CLANG_WARN_DOCUMENTATION_COMMENTS = YES;
				CLANG_WARN_EMPTY_BODY = YES;
				CLANG_WARN_ENUM_CONVERSION = YES;
				CLANG_WARN_INFINITE_RECURSION = YES;
				CLANG_WARN_INT_CONVERSION = YES;
				CLANG_WARN_NON_LITERAL_NULL_CONVERSION = YES;
				CLANG_WARN_OBJC_IMPLICIT_RETAIN_SELF = YES;
				CLANG_WARN_OBJC_LITERAL_CONVERSION = YES;
				CLANG_WARN_OBJC_ROOT_CLASS = YES_ERROR;
				CLANG_WARN_QUOTED_INCLUDE_IN_FRAMEWORK_HEADER = YES;
				CLANG_WARN_RANGE_LOOP_ANALYSIS = YES;
				CLANG_WARN_STRICT_PROTOTYPES = YES;
				CLANG_WARN_SUSPICIOUS_MOVE = YES;
				CLANG_WARN_UNGUARDED_AVAILABILITY = YES_AGGRESSIVE;
				CLANG_WARN_UNREACHABLE_CODE = YES;
				CLANG_WARN__DUPLICATE_METHOD_MATCH = YES;
				COPY_PHASE_STRIP = NO;
				DEBUG_INFORMATION_FORMAT = "dwarf-with-dsym";
				ENABLE_NS_ASSERTIONS = NO;
				ENABLE_STRICT_OBJC_MSGSEND = YES;
				ENABLE_USER_SCRIPT_SANDBOXING = YES;
				GCC_C_LANGUAGE_STANDARD = gnu17;
				GCC_NO_COMMON_BLOCKS = YES;
				GCC_WARN_64_TO_32_BIT_CONVERSION = YES;
				GCC_WARN_ABOUT_RETURN_TYPE = YES_ERROR;
				GCC_WARN_UNDECLARED_SELECTOR = YES;
				GCC_WARN_UNINITIALIZED_AUTOS = YES_AGGRESSIVE;
				GCC_WARN_UNUSED_FUNCTION = YES;
				GCC_WARN_UNUSED_VARIABLE = YES;
				LOCALIZATION_PREFERS_STRING_CATALOGS = YES;
				MTL_ENABLE_DEBUG_INFO = NO;
				MTL_FAST_MATH = YES;
				SWIFT_COMPILATION_MODE = wholemodule;
			};
			name = Release;
		};
		2770E8882C8350D600EE965D /* Debug */ = {
			isa = XCBuildConfiguration;
			buildSettings = {
				ASSETCATALOG_COMPILER_APPICON_NAME = AppIcon;
				ASSETCATALOG_COMPILER_GLOBAL_ACCENT_COLOR_NAME = AccentColor;
				CODE_SIGN_ENTITLEMENTS = Zenith/Zenith.entitlements;
				CODE_SIGN_STYLE = Automatic;
				CURRENT_PROJECT_VERSION = 1;
				DEVELOPMENT_ASSET_PATHS = "\"Zenith/Preview Content\"";
				DEVELOPMENT_TEAM = LUY9W2HGMR;
				ENABLE_HARDENED_RUNTIME = YES;
				ENABLE_PREVIEWS = YES;
				GENERATE_INFOPLIST_FILE = YES;
				"INFOPLIST_KEY_UIApplicationSceneManifest_Generation[sdk=iphoneos*]" = YES;
				"INFOPLIST_KEY_UIApplicationSceneManifest_Generation[sdk=iphonesimulator*]" = YES;
				"INFOPLIST_KEY_UIApplicationSupportsIndirectInputEvents[sdk=iphoneos*]" = YES;
				"INFOPLIST_KEY_UIApplicationSupportsIndirectInputEvents[sdk=iphonesimulator*]" = YES;
				"INFOPLIST_KEY_UILaunchScreen_Generation[sdk=iphoneos*]" = YES;
				"INFOPLIST_KEY_UILaunchScreen_Generation[sdk=iphonesimulator*]" = YES;
				"INFOPLIST_KEY_UIStatusBarStyle[sdk=iphoneos*]" = UIStatusBarStyleDefault;
				"INFOPLIST_KEY_UIStatusBarStyle[sdk=iphonesimulator*]" = UIStatusBarStyleDefault;
				INFOPLIST_KEY_UISupportedInterfaceOrientations_iPad = "UIInterfaceOrientationPortrait UIInterfaceOrientationPortraitUpsideDown UIInterfaceOrientationLandscapeLeft UIInterfaceOrientationLandscapeRight";
				INFOPLIST_KEY_UISupportedInterfaceOrientations_iPhone = "UIInterfaceOrientationPortrait UIInterfaceOrientationLandscapeLeft UIInterfaceOrientationLandscapeRight";
				IPHONEOS_DEPLOYMENT_TARGET = 18.0;
				LD_RUNPATH_SEARCH_PATHS = "@executable_path/Frameworks";
				"LD_RUNPATH_SEARCH_PATHS[sdk=macosx*]" = "@executable_path/../Frameworks";
				MACOSX_DEPLOYMENT_TARGET = 14.0;
				MARKETING_VERSION = 1.0;
				PRODUCT_BUNDLE_IDENTIFIER = lucas.Zenith;
				PRODUCT_NAME = "$(TARGET_NAME)";
				SDKROOT = auto;
				SUPPORTED_PLATFORMS = "iphoneos iphonesimulator macosx xros xrsimulator";
				SWIFT_EMIT_LOC_STRINGS = YES;
				SWIFT_VERSION = 5.0;
				TARGETED_DEVICE_FAMILY = "1,2,7";
				XROS_DEPLOYMENT_TARGET = 2.0;
			};
			name = Debug;
		};
		2770E8892C8350D600EE965D /* Release */ = {
			isa = XCBuildConfiguration;
			buildSettings = {
				ASSETCATALOG_COMPILER_APPICON_NAME = AppIcon;
				ASSETCATALOG_COMPILER_GLOBAL_ACCENT_COLOR_NAME = AccentColor;
				CODE_SIGN_ENTITLEMENTS = Zenith/Zenith.entitlements;
				CODE_SIGN_STYLE = Automatic;
				CURRENT_PROJECT_VERSION = 1;
				DEVELOPMENT_ASSET_PATHS = "\"Zenith/Preview Content\"";
				DEVELOPMENT_TEAM = LUY9W2HGMR;
				ENABLE_HARDENED_RUNTIME = YES;
				ENABLE_PREVIEWS = YES;
				GENERATE_INFOPLIST_FILE = YES;
				"INFOPLIST_KEY_UIApplicationSceneManifest_Generation[sdk=iphoneos*]" = YES;
				"INFOPLIST_KEY_UIApplicationSceneManifest_Generation[sdk=iphonesimulator*]" = YES;
				"INFOPLIST_KEY_UIApplicationSupportsIndirectInputEvents[sdk=iphoneos*]" = YES;
				"INFOPLIST_KEY_UIApplicationSupportsIndirectInputEvents[sdk=iphonesimulator*]" = YES;
				"INFOPLIST_KEY_UILaunchScreen_Generation[sdk=iphoneos*]" = YES;
				"INFOPLIST_KEY_UILaunchScreen_Generation[sdk=iphonesimulator*]" = YES;
				"INFOPLIST_KEY_UIStatusBarStyle[sdk=iphoneos*]" = UIStatusBarStyleDefault;
				"INFOPLIST_KEY_UIStatusBarStyle[sdk=iphonesimulator*]" = UIStatusBarStyleDefault;
				INFOPLIST_KEY_UISupportedInterfaceOrientations_iPad = "UIInterfaceOrientationPortrait UIInterfaceOrientationPortraitUpsideDown UIInterfaceOrientationLandscapeLeft UIInterfaceOrientationLandscapeRight";
				INFOPLIST_KEY_UISupportedInterfaceOrientations_iPhone = "UIInterfaceOrientationPortrait UIInterfaceOrientationLandscapeLeft UIInterfaceOrientationLandscapeRight";
				IPHONEOS_DEPLOYMENT_TARGET = 18.0;
				LD_RUNPATH_SEARCH_PATHS = "@executable_path/Frameworks";
				"LD_RUNPATH_SEARCH_PATHS[sdk=macosx*]" = "@executable_path/../Frameworks";
				MACOSX_DEPLOYMENT_TARGET = 14.0;
				MARKETING_VERSION = 1.0;
				PRODUCT_BUNDLE_IDENTIFIER = lucas.Zenith;
				PRODUCT_NAME = "$(TARGET_NAME)";
				SDKROOT = auto;
				SUPPORTED_PLATFORMS = "iphoneos iphonesimulator macosx xros xrsimulator";
				SWIFT_EMIT_LOC_STRINGS = YES;
				SWIFT_VERSION = 5.0;
				TARGETED_DEVICE_FAMILY = "1,2,7";
				XROS_DEPLOYMENT_TARGET = 2.0;
			};
			name = Release;
		};
		2770E88B2C8350D600EE965D /* Debug */ = {
			isa = XCBuildConfiguration;
			buildSettings = {
				BUNDLE_LOADER = "$(TEST_HOST)";
				CODE_SIGN_STYLE = Automatic;
				CURRENT_PROJECT_VERSION = 1;
				DEVELOPMENT_TEAM = LUY9W2HGMR;
				GENERATE_INFOPLIST_FILE = YES;
				IPHONEOS_DEPLOYMENT_TARGET = 18.0;
				MACOSX_DEPLOYMENT_TARGET = 15.0;
				MARKETING_VERSION = 1.0;
				PRODUCT_BUNDLE_IDENTIFIER = lucas.ZenithTests;
				PRODUCT_NAME = "$(TARGET_NAME)";
				SDKROOT = auto;
				SUPPORTED_PLATFORMS = "iphoneos iphonesimulator macosx xros xrsimulator";
				SWIFT_EMIT_LOC_STRINGS = NO;
				SWIFT_VERSION = 5.0;
				TARGETED_DEVICE_FAMILY = "1,2,7";
				TEST_HOST = "$(BUILT_PRODUCTS_DIR)/Zenith.app/$(BUNDLE_EXECUTABLE_FOLDER_PATH)/Zenith";
				XROS_DEPLOYMENT_TARGET = 2.0;
			};
			name = Debug;
		};
		2770E88C2C8350D600EE965D /* Release */ = {
			isa = XCBuildConfiguration;
			buildSettings = {
				BUNDLE_LOADER = "$(TEST_HOST)";
				CODE_SIGN_STYLE = Automatic;
				CURRENT_PROJECT_VERSION = 1;
				DEVELOPMENT_TEAM = LUY9W2HGMR;
				GENERATE_INFOPLIST_FILE = YES;
				IPHONEOS_DEPLOYMENT_TARGET = 18.0;
				MACOSX_DEPLOYMENT_TARGET = 15.0;
				MARKETING_VERSION = 1.0;
				PRODUCT_BUNDLE_IDENTIFIER = lucas.ZenithTests;
				PRODUCT_NAME = "$(TARGET_NAME)";
				SDKROOT = auto;
				SUPPORTED_PLATFORMS = "iphoneos iphonesimulator macosx xros xrsimulator";
				SWIFT_EMIT_LOC_STRINGS = NO;
				SWIFT_VERSION = 5.0;
				TARGETED_DEVICE_FAMILY = "1,2,7";
				TEST_HOST = "$(BUILT_PRODUCTS_DIR)/Zenith.app/$(BUNDLE_EXECUTABLE_FOLDER_PATH)/Zenith";
				XROS_DEPLOYMENT_TARGET = 2.0;
			};
			name = Release;
		};
		2770E88E2C8350D600EE965D /* Debug */ = {
			isa = XCBuildConfiguration;
			buildSettings = {
				CODE_SIGN_STYLE = Automatic;
				CURRENT_PROJECT_VERSION = 1;
				DEVELOPMENT_TEAM = LUY9W2HGMR;
				GENERATE_INFOPLIST_FILE = YES;
				IPHONEOS_DEPLOYMENT_TARGET = 18.0;
				MACOSX_DEPLOYMENT_TARGET = 15.0;
				MARKETING_VERSION = 1.0;
				PRODUCT_BUNDLE_IDENTIFIER = lucas.ZenithUITests;
				PRODUCT_NAME = "$(TARGET_NAME)";
				SDKROOT = auto;
				SUPPORTED_PLATFORMS = "iphoneos iphonesimulator macosx xros xrsimulator";
				SWIFT_EMIT_LOC_STRINGS = NO;
				SWIFT_VERSION = 5.0;
				TARGETED_DEVICE_FAMILY = "1,2,7";
				TEST_TARGET_NAME = Zenith;
				XROS_DEPLOYMENT_TARGET = 2.0;
			};
			name = Debug;
		};
		2770E88F2C8350D600EE965D /* Release */ = {
			isa = XCBuildConfiguration;
			buildSettings = {
				CODE_SIGN_STYLE = Automatic;
				CURRENT_PROJECT_VERSION = 1;
				DEVELOPMENT_TEAM = LUY9W2HGMR;
				GENERATE_INFOPLIST_FILE = YES;
				IPHONEOS_DEPLOYMENT_TARGET = 18.0;
				MACOSX_DEPLOYMENT_TARGET = 15.0;
				MARKETING_VERSION = 1.0;
				PRODUCT_BUNDLE_IDENTIFIER = lucas.ZenithUITests;
				PRODUCT_NAME = "$(TARGET_NAME)";
				SDKROOT = auto;
				SUPPORTED_PLATFORMS = "iphoneos iphonesimulator macosx xros xrsimulator";
				SWIFT_EMIT_LOC_STRINGS = NO;
				SWIFT_VERSION = 5.0;
				TARGETED_DEVICE_FAMILY = "1,2,7";
				TEST_TARGET_NAME = Zenith;
				XROS_DEPLOYMENT_TARGET = 2.0;
			};
			name = Release;
		};
/* End XCBuildConfiguration section */

/* Begin XCConfigurationList section */
		2770E85B2C8350D400EE965D /* Build configuration list for PBXProject "Zenith" */ = {
			isa = XCConfigurationList;
			buildConfigurations = (
				2770E8852C8350D600EE965D /* Debug */,
				2770E8862C8350D600EE965D /* Release */,
			);
			defaultConfigurationIsVisible = 0;
			defaultConfigurationName = Release;
		};
		2770E8872C8350D600EE965D /* Build configuration list for PBXNativeTarget "Zenith" */ = {
			isa = XCConfigurationList;
			buildConfigurations = (
				2770E8882C8350D600EE965D /* Debug */,
				2770E8892C8350D600EE965D /* Release */,
			);
			defaultConfigurationIsVisible = 0;
			defaultConfigurationName = Release;
		};
		2770E88A2C8350D600EE965D /* Build configuration list for PBXNativeTarget "ZenithTests" */ = {
			isa = XCConfigurationList;
			buildConfigurations = (
				2770E88B2C8350D600EE965D /* Debug */,
				2770E88C2C8350D600EE965D /* Release */,
			);
			defaultConfigurationIsVisible = 0;
			defaultConfigurationName = Release;
		};
		2770E88D2C8350D600EE965D /* Build configuration list for PBXNativeTarget "ZenithUITests" */ = {
			isa = XCConfigurationList;
			buildConfigurations = (
				2770E88E2C8350D600EE965D /* Debug */,
				2770E88F2C8350D600EE965D /* Release */,
			);
			defaultConfigurationIsVisible = 0;
			defaultConfigurationName = Release;
		};
/* End XCConfigurationList section */
	};
	rootObject = 2770E8582C8350D400EE965D /* Project object */;
}
